
Microsoft Visual Studio Solution File, Format Version 12.00
# Visual Studio Version 17
VisualStudioVersion = 17.3.32922.545
MinimumVisualStudioVersion = 10.0.40219.1
Project("{FAE04EC0-301F-11D3-BF4B-00C04F79EFBC}") = "hava durumu1", "hava durumu1\hava durumu1.csproj", "{A9026008-1349-4686-96D3-7B026F7286E4}"
EndProject
Global
	GlobalSection(SolutionConfigurationPlatforms) = preSolution
		Debug|Any CPU = Debug|Any CPU
		Release|Any CPU = Release|Any CPU
	EndGlobalSection
	GlobalSection(ProjectConfigurationPlatforms) = postSolution
		{A9026008-1349-4686-96D3-7B026F7286E4}.Debug|Any CPU.ActiveCfg = Debug|Any CPU
		{A9026008-1349-4686-96D3-7B026F7286E4}.Debug|Any CPU.Build.0 = Debug|Any CPU
		{A9026008-1349-4686-96D3-7B026F7286E4}.Release|Any CPU.ActiveCfg = Release|Any CPU
		{A9026008-1349-4686-96D3-7B026F7286E4}.Release|Any CPU.Build.0 = Release|Any CPU
	EndGlobalSection
	GlobalSection(SolutionProperties) = preSolution
		HideSolutionNode = FALSE
	EndGlobalSection
	GlobalSection(ExtensibilityGlobals) = postSolution
		SolutionGuid = {085CD8E9-1BE2-4171-9A56-58D02E257AB1}
	EndGlobalSection
EndGlobal
